
Microsoft Visual Studio Solution File, Format Version 12.00
# Visual Studio Version 17
VisualStudioVersion = 17.10.34928.147
MinimumVisualStudioVersion = 10.0.40219.1
Project("{9A19103F-16F7-4668-BE54-9A1E7A4F7556}") = "DocMgmtApi", "DocMgmtApi\DocMgmtApi.csproj", "{89E775AB-F93D-4508-AD13-8D2B8C0D8523}"
EndProject
Project("{FAE04EC0-301F-11D3-BF4B-00C04F79EFBC}") = "AppUnitTest", "AppUnitTest\AppUnitTest.csproj", "{5411C289-DBEB-416F-B275-A60796E04E8C}"
EndProject
Global
	GlobalSection(SolutionConfigurationPlatforms) = preSolution
		Debug|Any CPU = Debug|Any CPU
		Release|Any CPU = Release|Any CPU
	EndGlobalSection
	GlobalSection(ProjectConfigurationPlatforms) = postSolution
		{89E775AB-F93D-4508-AD13-8D2B8C0D8523}.Debug|Any CPU.ActiveCfg = Debug|Any CPU
		{89E775AB-F93D-4508-AD13-8D2B8C0D8523}.Debug|Any CPU.Build.0 = Debug|Any CPU
		{89E775AB-F93D-4508-AD13-8D2B8C0D8523}.Release|Any CPU.ActiveCfg = Release|Any CPU
		{89E775AB-F93D-4508-AD13-8D2B8C0D8523}.Release|Any CPU.Build.0 = Release|Any CPU
		{5411C289-DBEB-416F-B275-A60796E04E8C}.Debug|Any CPU.ActiveCfg = Debug|Any CPU
		{5411C289-DBEB-416F-B275-A60796E04E8C}.Debug|Any CPU.Build.0 = Debug|Any CPU
		{5411C289-DBEB-416F-B275-A60796E04E8C}.Release|Any CPU.ActiveCfg = Release|Any CPU
		{5411C289-DBEB-416F-B275-A60796E04E8C}.Release|Any CPU.Build.0 = Release|Any CPU
	EndGlobalSection
	GlobalSection(SolutionProperties) = preSolution
		HideSolutionNode = FALSE
	EndGlobalSection
	GlobalSection(ExtensibilityGlobals) = postSolution
		SolutionGuid = {86DA54D1-71CF-4E91-BF0A-01A6635C22F9}
	EndGlobalSection
EndGlobal
